
Microsoft Visual Studio Solution File, Format Version 12.00
# Visual Studio 15
VisualStudioVersion = 15.0.28307.1340
MinimumVisualStudioVersion = 10.0.40219.1
Project("{FAE04EC0-301F-11D3-BF4B-00C04F79EFBC}") = "LinQ1.5", "LinQ1.5\LinQ1.5.csproj", "{0836C042-4CCD-4AD2-9DA7-C49D10522D6A}"
EndProject
Global
	GlobalSection(SolutionConfigurationPlatforms) = preSolution
		Debug|Any CPU = Debug|Any CPU
		Release|Any CPU = Release|Any CPU
	EndGlobalSection
	GlobalSection(ProjectConfigurationPlatforms) = postSolution
		{0836C042-4CCD-4AD2-9DA7-C49D10522D6A}.Debug|Any CPU.ActiveCfg = Debug|Any CPU
		{0836C042-4CCD-4AD2-9DA7-C49D10522D6A}.Debug|Any CPU.Build.0 = Debug|Any CPU
		{0836C042-4CCD-4AD2-9DA7-C49D10522D6A}.Release|Any CPU.ActiveCfg = Release|Any CPU
		{0836C042-4CCD-4AD2-9DA7-C49D10522D6A}.Release|Any CPU.Build.0 = Release|Any CPU
	EndGlobalSection
	GlobalSection(SolutionProperties) = preSolution
		HideSolutionNode = FALSE
	EndGlobalSection
	GlobalSection(ExtensibilityGlobals) = postSolution
		SolutionGuid = {E0CE20AB-E75A-4B17-B55F-3B5CB625C0BD}
	EndGlobalSection
EndGlobal
