
Microsoft Visual Studio Solution File, Format Version 12.00
# Visual Studio 15
VisualStudioVersion = 15.0.28307.1340
MinimumVisualStudioVersion = 10.0.40219.1
Project("{FAE04EC0-301F-11D3-BF4B-00C04F79EFBC}") = "LinQ1.8", "LinQ1.8\LinQ1.8.csproj", "{AAE4B5AE-7A9B-4A94-A3A3-5C3FEC60A083}"
EndProject
Global
	GlobalSection(SolutionConfigurationPlatforms) = preSolution
		Debug|Any CPU = Debug|Any CPU
		Release|Any CPU = Release|Any CPU
	EndGlobalSection
	GlobalSection(ProjectConfigurationPlatforms) = postSolution
		{AAE4B5AE-7A9B-4A94-A3A3-5C3FEC60A083}.Debug|Any CPU.ActiveCfg = Debug|Any CPU
		{AAE4B5AE-7A9B-4A94-A3A3-5C3FEC60A083}.Debug|Any CPU.Build.0 = Debug|Any CPU
		{AAE4B5AE-7A9B-4A94-A3A3-5C3FEC60A083}.Release|Any CPU.ActiveCfg = Release|Any CPU
		{AAE4B5AE-7A9B-4A94-A3A3-5C3FEC60A083}.Release|Any CPU.Build.0 = Release|Any CPU
	EndGlobalSection
	GlobalSection(SolutionProperties) = preSolution
		HideSolutionNode = FALSE
	EndGlobalSection
	GlobalSection(ExtensibilityGlobals) = postSolution
		SolutionGuid = {09B9FEF8-768F-4E8C-899A-F5FFA27A4AA0}
	EndGlobalSection
EndGlobal
