
Microsoft Visual Studio Solution File, Format Version 12.00
# Visual Studio 15
VisualStudioVersion = 15.0.28307.1340
MinimumVisualStudioVersion = 10.0.40219.1
Project("{FAE04EC0-301F-11D3-BF4B-00C04F79EFBC}") = "MiAplicacion", "MiAplicacion\MiAplicacion.csproj", "{24DCFE61-EB4C-419B-9CF8-7811AE25FAB8}"
EndProject
Global
	GlobalSection(SolutionConfigurationPlatforms) = preSolution
		Debug|Any CPU = Debug|Any CPU
		Release|Any CPU = Release|Any CPU
	EndGlobalSection
	GlobalSection(ProjectConfigurationPlatforms) = postSolution
		{24DCFE61-EB4C-419B-9CF8-7811AE25FAB8}.Debug|Any CPU.ActiveCfg = Debug|Any CPU
		{24DCFE61-EB4C-419B-9CF8-7811AE25FAB8}.Debug|Any CPU.Build.0 = Debug|Any CPU
		{24DCFE61-EB4C-419B-9CF8-7811AE25FAB8}.Release|Any CPU.ActiveCfg = Release|Any CPU
		{24DCFE61-EB4C-419B-9CF8-7811AE25FAB8}.Release|Any CPU.Build.0 = Release|Any CPU
	EndGlobalSection
	GlobalSection(SolutionProperties) = preSolution
		HideSolutionNode = FALSE
	EndGlobalSection
	GlobalSection(ExtensibilityGlobals) = postSolution
		SolutionGuid = {3D507F3D-7E40-4C86-B36C-615B8AB68116}
	EndGlobalSection
EndGlobal
