
Microsoft Visual Studio Solution File, Format Version 12.00
# Visual Studio 15
VisualStudioVersion = 15.0.28307.1340
MinimumVisualStudioVersion = 10.0.40219.1
Project("{FAE04EC0-301F-11D3-BF4B-00C04F79EFBC}") = "Ejercicio1", "Ejercicio1\Ejercicio1.csproj", "{15DBD39B-F022-41A4-A4D6-B82E568CA571}"
EndProject
Project("{FAE04EC0-301F-11D3-BF4B-00C04F79EFBC}") = "Ejercicio2", "Ejercicio2\Ejercicio2.csproj", "{C45D72CF-EFAD-4C5A-A2D9-F9D6F150015D}"
EndProject
Project("{FAE04EC0-301F-11D3-BF4B-00C04F79EFBC}") = "Ejercicio3", "Ejercicio3\Ejercicio3.csproj", "{A812E1CC-FC87-4921-A47F-D0AE73857330}"
EndProject
Global
	GlobalSection(SolutionConfigurationPlatforms) = preSolution
		Debug|Any CPU = Debug|Any CPU
		Release|Any CPU = Release|Any CPU
	EndGlobalSection
	GlobalSection(ProjectConfigurationPlatforms) = postSolution
		{15DBD39B-F022-41A4-A4D6-B82E568CA571}.Debug|Any CPU.ActiveCfg = Debug|Any CPU
		{15DBD39B-F022-41A4-A4D6-B82E568CA571}.Debug|Any CPU.Build.0 = Debug|Any CPU
		{15DBD39B-F022-41A4-A4D6-B82E568CA571}.Release|Any CPU.ActiveCfg = Release|Any CPU
		{15DBD39B-F022-41A4-A4D6-B82E568CA571}.Release|Any CPU.Build.0 = Release|Any CPU
		{C45D72CF-EFAD-4C5A-A2D9-F9D6F150015D}.Debug|Any CPU.ActiveCfg = Debug|Any CPU
		{C45D72CF-EFAD-4C5A-A2D9-F9D6F150015D}.Debug|Any CPU.Build.0 = Debug|Any CPU
		{C45D72CF-EFAD-4C5A-A2D9-F9D6F150015D}.Release|Any CPU.ActiveCfg = Release|Any CPU
		{C45D72CF-EFAD-4C5A-A2D9-F9D6F150015D}.Release|Any CPU.Build.0 = Release|Any CPU
		{A812E1CC-FC87-4921-A47F-D0AE73857330}.Debug|Any CPU.ActiveCfg = Debug|Any CPU
		{A812E1CC-FC87-4921-A47F-D0AE73857330}.Debug|Any CPU.Build.0 = Debug|Any CPU
		{A812E1CC-FC87-4921-A47F-D0AE73857330}.Release|Any CPU.ActiveCfg = Release|Any CPU
		{A812E1CC-FC87-4921-A47F-D0AE73857330}.Release|Any CPU.Build.0 = Release|Any CPU
	EndGlobalSection
	GlobalSection(SolutionProperties) = preSolution
		HideSolutionNode = FALSE
	EndGlobalSection
	GlobalSection(ExtensibilityGlobals) = postSolution
		SolutionGuid = {06D7D6C0-957F-4D1D-BB78-C4B5358ED269}
	EndGlobalSection
EndGlobal
