
Microsoft Visual Studio Solution File, Format Version 12.00
# Visual Studio 15
VisualStudioVersion = 15.0.28010.2016
MinimumVisualStudioVersion = 10.0.40219.1
Project("{FAE04EC0-301F-11D3-BF4B-00C04F79EFBC}") = "TareaSeccion03", "TareaSeccion03\TareaSeccion03.csproj", "{6D93E8A6-1C3A-4DC1-B189-4274219C394D}"
EndProject
Global
	GlobalSection(SolutionConfigurationPlatforms) = preSolution
		Debug|Any CPU = Debug|Any CPU
		Release|Any CPU = Release|Any CPU
	EndGlobalSection
	GlobalSection(ProjectConfigurationPlatforms) = postSolution
		{6D93E8A6-1C3A-4DC1-B189-4274219C394D}.Debug|Any CPU.ActiveCfg = Debug|Any CPU
		{6D93E8A6-1C3A-4DC1-B189-4274219C394D}.Debug|Any CPU.Build.0 = Debug|Any CPU
		{6D93E8A6-1C3A-4DC1-B189-4274219C394D}.Release|Any CPU.ActiveCfg = Release|Any CPU
		{6D93E8A6-1C3A-4DC1-B189-4274219C394D}.Release|Any CPU.Build.0 = Release|Any CPU
	EndGlobalSection
	GlobalSection(SolutionProperties) = preSolution
		HideSolutionNode = FALSE
	EndGlobalSection
	GlobalSection(ExtensibilityGlobals) = postSolution
		SolutionGuid = {D3BC8ED3-12FF-443E-937C-5BA6D2881B5C}
	EndGlobalSection
EndGlobal
