
Microsoft Visual Studio Solution File, Format Version 12.00
# Visual Studio 15
VisualStudioVersion = 15.0.28307.1340
MinimumVisualStudioVersion = 10.0.40219.1
Project("{FAE04EC0-301F-11D3-BF4B-00C04F79EFBC}") = "Ejercicio6.Array", "Ejercicio6.Array\Ejercicio6.Array.csproj", "{198A3F1E-4EC5-416E-938B-70314AA50609}"
EndProject
Global
	GlobalSection(SolutionConfigurationPlatforms) = preSolution
		Debug|Any CPU = Debug|Any CPU
		Release|Any CPU = Release|Any CPU
	EndGlobalSection
	GlobalSection(ProjectConfigurationPlatforms) = postSolution
		{198A3F1E-4EC5-416E-938B-70314AA50609}.Debug|Any CPU.ActiveCfg = Debug|Any CPU
		{198A3F1E-4EC5-416E-938B-70314AA50609}.Debug|Any CPU.Build.0 = Debug|Any CPU
		{198A3F1E-4EC5-416E-938B-70314AA50609}.Release|Any CPU.ActiveCfg = Release|Any CPU
		{198A3F1E-4EC5-416E-938B-70314AA50609}.Release|Any CPU.Build.0 = Release|Any CPU
	EndGlobalSection
	GlobalSection(SolutionProperties) = preSolution
		HideSolutionNode = FALSE
	EndGlobalSection
	GlobalSection(ExtensibilityGlobals) = postSolution
		SolutionGuid = {26715917-45EA-413E-81DC-63C9E77A4E7B}
	EndGlobalSection
EndGlobal
